<?xml version="1.0" encoding="UTF-8" standalone="yes" ?>
<CodeBlocks_project_file>
	<FileVersion major="1" minor="6" />
	<Project>
		<Option title="Simple Hufman" />
		<Option pch_mode="2" />
		<Option compiler="gcc" />
		<Build>
			<Target title="Debug">
				<Option output="bin/Debug/Simple Hufman" prefix_auto="1" extension_auto="1" />
				<Option object_output="obj/Debug/" />
				<Option type="1" />
				<Option compiler="gcc" />
				<Option parameters="./Simple_Hufman -code -in /home/akhmelov/Downloads/KODA_To_check_test_files/normal_3 -out /home/akhmelov/home/studia/KODA/Project/Koda_Huffman_Simple/testToDecopress.txt" />
				<Compiler>
					<Add option="-g" />
					<Add directory="include" />
				</Compiler>
			</Target>
			<Target title="Release">
				<Option output="bin/Release/Simple Hufman" prefix_auto="1" extension_auto="1" />
				<Option object_output="obj/Release/" />
				<Option type="1" />
				<Option compiler="gcc" />
				<Compiler>
					<Add option="-O2" />
					<Add directory="include" />
				</Compiler>
				<Linker>
					<Add option="-s" />
				</Linker>
			</Target>
		</Build>
		<Compiler>
			<Add option="-Wall" />
			<Add option="-fexceptions" />
		</Compiler>
		<Unit filename="include/HuffmanSimple.h" />
		<Unit filename="include/ParametersService.h" />
		<Unit filename="include/SimpleCoder.h" />
		<Unit filename="include/SimpleDecoder.h" />
		<Unit filename="include/SimpleRandomSequenceGenerator.h" />
		<Unit filename="include/Structures.h" />
		<Unit filename="main.cpp" />
		<Unit filename="src/HuffmanSimple.cpp" />
		<Unit filename="src/ParametersService.cpp" />
		<Unit filename="src/SimpleCoder.cpp" />
		<Unit filename="src/SimpleDecoder.cpp" />
		<Unit filename="src/SimpleRandomSequenceGenerator.cpp" />
		<Unit filename="src/Structures.cpp" />
		<Extensions>
			<code_completion />
			<debugger />
		</Extensions>
	</Project>
</CodeBlocks_project_file>
